{
    __meta__ = {
        version = "1.0"
    },
    ["linux|x86_64"] = {
        ["autoconf#f56260b5"] = {
            repo = {
                branch = "master",
                commit = "c176e697a6b55e906ebc3ee59b36b1ffea298013",
                url = "https://gitee.com/tboox/xmake-repo.git"
            },
            version = "2.72"
        },
        ["automake#f56260b5"] = {
            repo = {
                branch = "master",
                commit = "c176e697a6b55e906ebc3ee59b36b1ffea298013",
                url = "https://gitee.com/tboox/xmake-repo.git"
            },
            version = "1.17"
        },
        ["bison#f56260b5"] = {
            repo = {
                branch = "master",
                commit = "c176e697a6b55e906ebc3ee59b36b1ffea298013",
                url = "https://gitee.com/tboox/xmake-repo.git"
            },
            version = "3.8.2"
        },
        ["ca-certificates#f56260b5"] = {
            repo = {
                branch = "master",
                commit = "c176e697a6b55e906ebc3ee59b36b1ffea298013",
                url = "https://gitee.com/tboox/xmake-repo.git"
            },
            version = "20250131"
        },
        ["cmake#f56260b5"] = {
            repo = {
                branch = "master",
                commit = "c176e697a6b55e906ebc3ee59b36b1ffea298013",
                url = "https://gitee.com/tboox/xmake-repo.git"
            },
            version = "4.2.3"
        },
        ["dawn#f56260b5"] = {
            version = "20260410.140140"
        },
        ["egl-headers#f56260b5"] = {
            repo = {
                branch = "master",
                commit = "c176e697a6b55e906ebc3ee59b36b1ffea298013",
                url = "https://gitee.com/tboox/xmake-repo.git"
            },
            version = "2023.12.16"
        },
        ["expat#f56260b5"] = {
            repo = {
                branch = "master",
                commit = "c176e697a6b55e906ebc3ee59b36b1ffea298013",
                url = "https://gitee.com/tboox/xmake-repo.git"
            },
            version = "2.7.4"
        },
        ["libffi#0b3b0fcf"] = {
            repo = {
                branch = "master",
                commit = "c176e697a6b55e906ebc3ee59b36b1ffea298013",
                url = "https://gitee.com/tboox/xmake-repo.git"
            },
            version = "3.4.8"
        },
        ["libffi#f56260b5"] = {
            repo = {
                branch = "master",
                commit = "c176e697a6b55e906ebc3ee59b36b1ffea298013",
                url = "https://gitee.com/tboox/xmake-repo.git"
            },
            version = "3.4.8"
        },
        ["libpthread-stubs#f56260b5"] = {
            repo = {
                branch = "master",
                commit = "c176e697a6b55e906ebc3ee59b36b1ffea298013",
                url = "https://gitee.com/tboox/xmake-repo.git"
            },
            version = "0.5"
        },
        ["libsdl3#f56260b5"] = {
            repo = {
                branch = "master",
                commit = "c176e697a6b55e906ebc3ee59b36b1ffea298013",
                url = "https://gitee.com/tboox/xmake-repo.git"
            },
            version = "3.4.0"
        },
        ["libtool#f56260b5"] = {
            repo = {
                branch = "master",
                commit = "c176e697a6b55e906ebc3ee59b36b1ffea298013",
                url = "https://gitee.com/tboox/xmake-repo.git"
            },
            version = "2.6.0"
        },
        ["libx11#16fb575b"] = {
            repo = {
                branch = "master",
                commit = "c176e697a6b55e906ebc3ee59b36b1ffea298013",
                url = "https://gitee.com/tboox/xmake-repo.git"
            },
            version = "1.8.13"
        },
        ["libx11#b8e404eb"] = {
            repo = {
                branch = "master",
                commit = "c176e697a6b55e906ebc3ee59b36b1ffea298013",
                url = "https://gitee.com/tboox/xmake-repo.git"
            },
            version = "1.8.13"
        },
        ["libxau#16fb575b"] = {
            repo = {
                branch = "master",
                commit = "c176e697a6b55e906ebc3ee59b36b1ffea298013",
                url = "https://gitee.com/tboox/xmake-repo.git"
            },
            version = "1.0.12"
        },
        ["libxcb#16fb575b"] = {
            repo = {
                branch = "master",
                commit = "c176e697a6b55e906ebc3ee59b36b1ffea298013",
                url = "https://gitee.com/tboox/xmake-repo.git"
            },
            version = "1.17.0"
        },
        ["libxcb#b8e404eb"] = {
            repo = {
                branch = "master",
                commit = "c176e697a6b55e906ebc3ee59b36b1ffea298013",
                url = "https://gitee.com/tboox/xmake-repo.git"
            },
            version = "1.17.0"
        },
        ["libxcursor#b8e404eb"] = {
            repo = {
                branch = "master",
                commit = "c176e697a6b55e906ebc3ee59b36b1ffea298013",
                url = "https://gitee.com/tboox/xmake-repo.git"
            },
            version = "1.2.3"
        },
        ["libxdmcp#16fb575b"] = {
            repo = {
                branch = "master",
                commit = "c176e697a6b55e906ebc3ee59b36b1ffea298013",
                url = "https://gitee.com/tboox/xmake-repo.git"
            },
            version = "1.1.5"
        },
        ["libxext#16fb575b"] = {
            repo = {
                branch = "master",
                commit = "c176e697a6b55e906ebc3ee59b36b1ffea298013",
                url = "https://gitee.com/tboox/xmake-repo.git"
            },
            version = "1.3.7"
        },
        ["libxext#b8e404eb"] = {
            repo = {
                branch = "master",
                commit = "c176e697a6b55e906ebc3ee59b36b1ffea298013",
                url = "https://gitee.com/tboox/xmake-repo.git"
            },
            version = "1.3.7"
        },
        ["libxfixes#16fb575b"] = {
            repo = {
                branch = "master",
                commit = "c176e697a6b55e906ebc3ee59b36b1ffea298013",
                url = "https://gitee.com/tboox/xmake-repo.git"
            },
            version = "6.0.1"
        },
        ["libxfixes#b8e404eb"] = {
            repo = {
                branch = "master",
                commit = "c176e697a6b55e906ebc3ee59b36b1ffea298013",
                url = "https://gitee.com/tboox/xmake-repo.git"
            },
            version = "6.0.1"
        },
        ["libxi#b8e404eb"] = {
            repo = {
                branch = "master",
                commit = "c176e697a6b55e906ebc3ee59b36b1ffea298013",
                url = "https://gitee.com/tboox/xmake-repo.git"
            },
            version = "1.8.2"
        },
        ["libxml2#f56260b5"] = {
            repo = {
                branch = "master",
                commit = "c176e697a6b55e906ebc3ee59b36b1ffea298013",
                url = "https://gitee.com/tboox/xmake-repo.git"
            },
            version = "v2.14.3"
        },
        ["libxrandr#b8e404eb"] = {
            repo = {
                branch = "master",
                commit = "c176e697a6b55e906ebc3ee59b36b1ffea298013",
                url = "https://gitee.com/tboox/xmake-repo.git"
            },
            version = "1.5.4"
        },
        ["libxrender#16fb575b"] = {
            repo = {
                branch = "master",
                commit = "c176e697a6b55e906ebc3ee59b36b1ffea298013",
                url = "https://gitee.com/tboox/xmake-repo.git"
            },
            version = "0.9.12"
        },
        ["libxrender#b8e404eb"] = {
            repo = {
                branch = "master",
                commit = "c176e697a6b55e906ebc3ee59b36b1ffea298013",
                url = "https://gitee.com/tboox/xmake-repo.git"
            },
            version = "0.9.12"
        },
        ["libxss#b8e404eb"] = {
            repo = {
                branch = "master",
                commit = "c176e697a6b55e906ebc3ee59b36b1ffea298013",
                url = "https://gitee.com/tboox/xmake-repo.git"
            },
            version = "1.2.5"
        },
        ["m4#f56260b5"] = {
            repo = {
                branch = "master",
                commit = "c176e697a6b55e906ebc3ee59b36b1ffea298013",
                url = "https://gitee.com/tboox/xmake-repo.git"
            },
            version = "1.4.19"
        },
        ["meson#f56260b5"] = {
            repo = {
                branch = "master",
                commit = "c176e697a6b55e906ebc3ee59b36b1ffea298013",
                url = "https://gitee.com/tboox/xmake-repo.git"
            },
            version = "1.10.1"
        },
        ["miniz#f56260b5"] = {
            repo = {
                branch = "master",
                commit = "c176e697a6b55e906ebc3ee59b36b1ffea298013",
                url = "https://gitee.com/tboox/xmake-repo.git"
            },
            version = "3.1.0"
        },
        ["ninja#f56260b5"] = {
            repo = {
                branch = "master",
                commit = "c176e697a6b55e906ebc3ee59b36b1ffea298013",
                url = "https://gitee.com/tboox/xmake-repo.git"
            },
            version = "v1.13.1"
        },
        ["nlohmann_json#f56260b5"] = {
            repo = {
                branch = "master",
                commit = "c176e697a6b55e906ebc3ee59b36b1ffea298013",
                url = "https://gitee.com/tboox/xmake-repo.git"
            },
            version = "v3.12.0"
        },
        ["opengl-headers#f56260b5"] = {
            repo = {
                branch = "master",
                commit = "c176e697a6b55e906ebc3ee59b36b1ffea298013",
                url = "https://gitee.com/tboox/xmake-repo.git"
            },
            version = "2024.01.04"
        },
        ["openssl >=1.1.1-a#f56260b5"] = {
            repo = {
                branch = "master",
                commit = "c176e697a6b55e906ebc3ee59b36b1ffea298013",
                url = "https://gitee.com/tboox/xmake-repo.git"
            },
            version = "1.1.1-w"
        },
        ["pkg-config#f56260b5"] = {
            repo = {
                branch = "master",
                commit = "c176e697a6b55e906ebc3ee59b36b1ffea298013",
                url = "https://gitee.com/tboox/xmake-repo.git"
            },
            version = "0.29.2"
        },
        ["python 3.x#f56260b5"] = {
            repo = {
                branch = "master",
                commit = "c176e697a6b55e906ebc3ee59b36b1ffea298013",
                url = "https://gitee.com/tboox/xmake-repo.git"
            },
            version = "3.13.11"
        },
        ["slang#f56260b5"] = {
            repo = {
                branch = "master",
                commit = "c176e697a6b55e906ebc3ee59b36b1ffea298013",
                url = "https://gitee.com/tboox/xmake-repo.git"
            },
            version = "v2025.11.0"
        },
        ["stb#f56260b5"] = {
            repo = {
                branch = "master",
                commit = "c176e697a6b55e906ebc3ee59b36b1ffea298013",
                url = "https://gitee.com/tboox/xmake-repo.git"
            },
            version = "2025.03.14"
        },
        ["tinygltf#f56260b5"] = {
            repo = {
                branch = "master",
                commit = "c176e697a6b55e906ebc3ee59b36b1ffea298013",
                url = "https://gitee.com/tboox/xmake-repo.git"
            },
            version = "v2.9.7"
        },
        ["util-macros#f56260b5"] = {
            repo = {
                branch = "master",
                commit = "c176e697a6b55e906ebc3ee59b36b1ffea298013",
                url = "https://gitee.com/tboox/xmake-repo.git"
            },
            version = "1.20.0"
        },
        ["wayland#b8e404eb"] = {
            repo = {
                branch = "master",
                commit = "c176e697a6b55e906ebc3ee59b36b1ffea298013",
                url = "https://gitee.com/tboox/xmake-repo.git"
            },
            version = "1.24.0"
        },
        ["xcb-proto#f56260b5"] = {
            repo = {
                branch = "master",
                commit = "c176e697a6b55e906ebc3ee59b36b1ffea298013",
                url = "https://gitee.com/tboox/xmake-repo.git"
            },
            version = "1.17.0"
        },
        ["xorgproto#f56260b5"] = {
            repo = {
                branch = "master",
                commit = "c176e697a6b55e906ebc3ee59b36b1ffea298013",
                url = "https://gitee.com/tboox/xmake-repo.git"
            },
            version = "2023.2"
        },
        ["xtrans#f56260b5"] = {
            repo = {
                branch = "master",
                commit = "c176e697a6b55e906ebc3ee59b36b1ffea298013",
                url = "https://gitee.com/tboox/xmake-repo.git"
            },
            version = "1.6.0"
        },
        ["zlib#0b3b0fcf"] = {
            repo = {
                branch = "master",
                commit = "c176e697a6b55e906ebc3ee59b36b1ffea298013",
                url = "https://gitee.com/tboox/xmake-repo.git"
            },
            version = "v1.3.2"
        }
    },
    ["windows|x64"] = {
        ["argparse#f56260b5"] = {
            repo = {
                branch = "master",
                commit = "8070aa1905c979eef8b35d7e346ba56c476a3d0c",
                url = "https://github.com/xmake-io/xmake-repo.git"
            },
            version = "v3.2"
        },
        ["cmake#f56260b5"] = {
            repo = {
                branch = "master",
                commit = "8070aa1905c979eef8b35d7e346ba56c476a3d0c",
                url = "https://github.com/xmake-io/xmake-repo.git"
            },
            version = "4.2.3"
        },
        ["dawn#f56260b5"] = {
            version = "20260410.140140"
        },
        ["egl-headers#f56260b5"] = {
            repo = {
                branch = "master",
                commit = "8070aa1905c979eef8b35d7e346ba56c476a3d0c",
                url = "https://github.com/xmake-io/xmake-repo.git"
            },
            version = "2023.12.16"
        },
        ["entt#f56260b5"] = {
            repo = {
                branch = "master",
                commit = "8070aa1905c979eef8b35d7e346ba56c476a3d0c",
                url = "https://github.com/xmake-io/xmake-repo.git"
            },
            version = "v3.16.0"
        },
        ["fastgltf#097b6944"] = {
            repo = {
                branch = "master",
                commit = "8070aa1905c979eef8b35d7e346ba56c476a3d0c",
                url = "https://gitee.com/tboox/xmake-repo.git"
            },
            version = "v0.9.0"
        },
        ["freetype#f56260b5"] = {
            repo = {
                branch = "master",
                commit = "8070aa1905c979eef8b35d7e346ba56c476a3d0c",
                url = "https://gitee.com/tboox/xmake-repo.git"
            },
            version = "2.14.1"
        },
        ["glm#f56260b5"] = {
            repo = {
                branch = "master",
                commit = "8070aa1905c979eef8b35d7e346ba56c476a3d0c",
                url = "https://github.com/xmake-io/xmake-repo.git"
            },
            version = "1.0.3"
        },
        ["libsdl3#f56260b5"] = {
            repo = {
                branch = "master",
                commit = "8070aa1905c979eef8b35d7e346ba56c476a3d0c",
                url = "https://github.com/xmake-io/xmake-repo.git"
            },
            version = "3.4.0"
        },
        ["meson#f56260b5"] = {
            repo = {
                branch = "master",
                commit = "8070aa1905c979eef8b35d7e346ba56c476a3d0c",
                url = "https://gitee.com/tboox/xmake-repo.git"
            },
            version = "1.10.1"
        },
        ["miniz#f56260b5"] = {
            repo = {
                branch = "master",
                commit = "8070aa1905c979eef8b35d7e346ba56c476a3d0c",
                url = "https://github.com/xmake-io/xmake-repo.git"
            },
            version = "3.1.0"
        },
        ["ninja#f56260b5"] = {
            repo = {
                branch = "master",
                commit = "8070aa1905c979eef8b35d7e346ba56c476a3d0c",
                url = "https://github.com/xmake-io/xmake-repo.git"
            },
            version = "v1.13.1"
        },
        ["nlohmann_json#f56260b5"] = {
            repo = {
                branch = "master",
                commit = "8070aa1905c979eef8b35d7e346ba56c476a3d0c",
                url = "https://github.com/xmake-io/xmake-repo.git"
            },
            version = "v3.12.0"
        },
        ["opengl-headers#f56260b5"] = {
            repo = {
                branch = "master",
                commit = "8070aa1905c979eef8b35d7e346ba56c476a3d0c",
                url = "https://github.com/xmake-io/xmake-repo.git"
            },
            version = "2024.01.04"
        },
        ["pkgconf#f56260b5"] = {
            repo = {
                branch = "master",
                commit = "8070aa1905c979eef8b35d7e346ba56c476a3d0c",
                url = "https://gitee.com/tboox/xmake-repo.git"
            },
            version = "2.5.1"
        },
        ["python 3.x#f56260b5"] = {
            repo = {
                branch = "master",
                commit = "8070aa1905c979eef8b35d7e346ba56c476a3d0c",
                url = "https://gitee.com/tboox/xmake-repo.git"
            },
            version = "3.13.11"
        },
        ["simdjson#f56260b5"] = {
            repo = {
                branch = "master",
                commit = "8070aa1905c979eef8b35d7e346ba56c476a3d0c",
                url = "https://gitee.com/tboox/xmake-repo.git"
            },
            version = "v4.2.4"
        },
        ["slang#f56260b5"] = {
            repo = {
                branch = "master",
                commit = "8070aa1905c979eef8b35d7e346ba56c476a3d0c",
                url = "https://github.com/xmake-io/xmake-repo.git"
            },
            version = "v2025.11.0"
        },
        ["spdlog#f56260b5"] = {
            repo = {
                branch = "master",
                commit = "8070aa1905c979eef8b35d7e346ba56c476a3d0c",
                url = "https://github.com/xmake-io/xmake-repo.git"
            },
            version = "v1.17.0"
        },
        ["stb#f56260b5"] = {
            repo = {
                branch = "master",
                commit = "8070aa1905c979eef8b35d7e346ba56c476a3d0c",
                url = "https://gitee.com/tboox/xmake-repo.git"
            },
            version = "2025.03.14"
        },
        ["stdexec#fd0978ba"] = {
            version = "2026.04.24"
        },
        ["tl_expected#f56260b5"] = {
            repo = {
                branch = "master",
                commit = "8070aa1905c979eef8b35d7e346ba56c476a3d0c",
                url = "https://gitee.com/tboox/xmake-repo.git"
            },
            version = "v1.1.0"
        },
        ["unordered_dense#f56260b5"] = {
            repo = {
                branch = "master",
                commit = "8070aa1905c979eef8b35d7e346ba56c476a3d0c",
                url = "https://gitee.com/tboox/xmake-repo.git"
            },
            version = "v4.8.1"
        },
        ["zlib#f56260b5"] = {
            repo = {
                branch = "master",
                commit = "8070aa1905c979eef8b35d7e346ba56c476a3d0c",
                url = "https://gitee.com/tboox/xmake-repo.git"
            },
            version = "v1.3.2"
        }
    }
}